
Microsoft Visual Studio Solution File, Format Version 12.00
# Visual Studio Version 17
VisualStudioVersion = 17.13.35931.197 d17.13
MinimumVisualStudioVersion = 10.0.40219.1
Project("{FAE04EC0-301F-11D3-BF4B-00C04F79EFBC}") = "E_learningPlatform", "E_learningPlatform.csproj", "{82F5F1B4-CC4E-4CC3-B35C-36DED668F0DE}"
EndProject
Global
	GlobalSection(SolutionConfigurationPlatforms) = preSolution
		Debug|Any CPU = Debug|Any CPU
		Release|Any CPU = Release|Any CPU
	EndGlobalSection
	GlobalSection(ProjectConfigurationPlatforms) = postSolution
		{82F5F1B4-CC4E-4CC3-B35C-36DED668F0DE}.Debug|Any CPU.ActiveCfg = Debug|Any CPU
		{82F5F1B4-CC4E-4CC3-B35C-36DED668F0DE}.Debug|Any CPU.Build.0 = Debug|Any CPU
		{82F5F1B4-CC4E-4CC3-B35C-36DED668F0DE}.Release|Any CPU.ActiveCfg = Release|Any CPU
		{82F5F1B4-CC4E-4CC3-B35C-36DED668F0DE}.Release|Any CPU.Build.0 = Release|Any CPU
	EndGlobalSection
	GlobalSection(SolutionProperties) = preSolution
		HideSolutionNode = FALSE
	EndGlobalSection
	GlobalSection(ExtensibilityGlobals) = postSolution
		SolutionGuid = {AA0DEAAB-F78A-47F0-9C51-F764F7C7E16B}
	EndGlobalSection
EndGlobal
